
Microsoft Visual Studio Solution File, Format Version 12.00
# Visual Studio Version 17
VisualStudioVersion = 17.14.36408.4 d17.14
MinimumVisualStudioVersion = 10.0.40219.1
Project("{FAE04EC0-301F-11D3-BF4B-00C04F79EFBC}") = "career_module.server", "career_module.server.csproj", "{5B74DA9A-FC58-4F96-B006-44CA116A31A6}"
EndProject
Global
	GlobalSection(SolutionConfigurationPlatforms) = preSolution
		Debug|Any CPU = Debug|Any CPU
		Release|Any CPU = Release|Any CPU
	EndGlobalSection
	GlobalSection(ProjectConfigurationPlatforms) = postSolution
		{5B74DA9A-FC58-4F96-B006-44CA116A31A6}.Debug|Any CPU.ActiveCfg = Debug|Any CPU
		{5B74DA9A-FC58-4F96-B006-44CA116A31A6}.Debug|Any CPU.Build.0 = Debug|Any CPU
		{5B74DA9A-FC58-4F96-B006-44CA116A31A6}.Release|Any CPU.ActiveCfg = Release|Any CPU
		{5B74DA9A-FC58-4F96-B006-44CA116A31A6}.Release|Any CPU.Build.0 = Release|Any CPU
	EndGlobalSection
	GlobalSection(SolutionProperties) = preSolution
		HideSolutionNode = FALSE
	EndGlobalSection
	GlobalSection(ExtensibilityGlobals) = postSolution
		SolutionGuid = {BC669439-F950-45CB-8961-C7E6589039A5}
	EndGlobalSection
EndGlobal
